
Microsoft Visual Studio Solution File, Format Version 12.00
Project("{FAE04EC0-301F-11D3-BF4B-00C04F79EFBC}") = "Cubic.CLI", "Cubic.CLI\Cubic.CLI.csproj", "{83C4033B-C02D-4CD9-BC4F-8CC30561CEB7}"
EndProject
Project("{2150E333-8FDC-42A3-9474-1A3956D46DE8}") = "Solution Items", "Solution Items", "{145E779A-CD88-40C2-A693-DE56A1A0AE23}"
	ProjectSection(SolutionItems) = preProject
		compose.yaml = compose.yaml
	EndProjectSection
EndProject
Project("{FAE04EC0-301F-11D3-BF4B-00C04F79EFBC}") = "Cubic.GUI", "Cubic.GUI\Cubic.GUI.csproj", "{992757D1-B382-4560-A103-778767B95B6C}"
EndProject
Global
	GlobalSection(SolutionConfigurationPlatforms) = preSolution
		Debug|Any CPU = Debug|Any CPU
		Release|Any CPU = Release|Any CPU
	EndGlobalSection
	GlobalSection(ProjectConfigurationPlatforms) = postSolution
		{83C4033B-C02D-4CD9-BC4F-8CC30561CEB7}.Debug|Any CPU.ActiveCfg = Debug|Any CPU
		{83C4033B-C02D-4CD9-BC4F-8CC30561CEB7}.Debug|Any CPU.Build.0 = Debug|Any CPU
		{83C4033B-C02D-4CD9-BC4F-8CC30561CEB7}.Release|Any CPU.ActiveCfg = Release|Any CPU
		{83C4033B-C02D-4CD9-BC4F-8CC30561CEB7}.Release|Any CPU.Build.0 = Release|Any CPU
		{992757D1-B382-4560-A103-778767B95B6C}.Debug|Any CPU.ActiveCfg = Debug|Any CPU
		{992757D1-B382-4560-A103-778767B95B6C}.Debug|Any CPU.Build.0 = Debug|Any CPU
		{992757D1-B382-4560-A103-778767B95B6C}.Release|Any CPU.ActiveCfg = Release|Any CPU
		{992757D1-B382-4560-A103-778767B95B6C}.Release|Any CPU.Build.0 = Release|Any CPU
	EndGlobalSection
EndGlobal
